
Microsoft Visual Studio Solution File, Format Version 12.00
# Visual Studio Version 17
VisualStudioVersion = 17.3.32929.385
MinimumVisualStudioVersion = 10.0.40219.1
Project("{9A19103F-16F7-4668-BE54-9A1E7A4F7556}") = "RecipeData", "Recipe.Data\RecipeData.csproj", "{9D5712DC-738D-4592-B337-DB443330CE7B}"
EndProject
Project("{9A19103F-16F7-4668-BE54-9A1E7A4F7556}") = "RecipeModels", "Recipe.Models\RecipeModels.csproj", "{EC0B1837-8B8C-4C4E-BA9F-18EF1352C95E}"
EndProject
Project("{9A19103F-16F7-4668-BE54-9A1E7A4F7556}") = "RecipeServices", "Recipe.Services\RecipeServices.csproj", "{E13962D4-D10A-42B9-9730-E2B9A3A95BBE}"
EndProject
Project("{9A19103F-16F7-4668-BE54-9A1E7A4F7556}") = "RecipeConsole", "Recipe.Console\RecipeConsole.csproj", "{24FDA78C-182D-48FA-97DD-51BC68B111C2}"
EndProject
Project("{9A19103F-16F7-4668-BE54-9A1E7A4F7556}") = "RecipesTest", "RecipesTest\RecipesTest.csproj", "{65F3D771-E040-4AFB-B460-759C273AE7ED}"
EndProject
Project("{FAE04EC0-301F-11D3-BF4B-00C04F79EFBC}") = "RecipeCatalogueWeb", "RecipeCatalogueWeb\RecipeCatalogueWeb.csproj", "{7F13B7C2-3EC5-45E5-8E75-57EFE4643CFC}"
EndProject
Global
	GlobalSection(SolutionConfigurationPlatforms) = preSolution
		Debug|Any CPU = Debug|Any CPU
		Release|Any CPU = Release|Any CPU
	EndGlobalSection
	GlobalSection(ProjectConfigurationPlatforms) = postSolution
		{9D5712DC-738D-4592-B337-DB443330CE7B}.Debug|Any CPU.ActiveCfg = Debug|Any CPU
		{9D5712DC-738D-4592-B337-DB443330CE7B}.Debug|Any CPU.Build.0 = Debug|Any CPU
		{9D5712DC-738D-4592-B337-DB443330CE7B}.Release|Any CPU.ActiveCfg = Release|Any CPU
		{9D5712DC-738D-4592-B337-DB443330CE7B}.Release|Any CPU.Build.0 = Release|Any CPU
		{EC0B1837-8B8C-4C4E-BA9F-18EF1352C95E}.Debug|Any CPU.ActiveCfg = Debug|Any CPU
		{EC0B1837-8B8C-4C4E-BA9F-18EF1352C95E}.Debug|Any CPU.Build.0 = Debug|Any CPU
		{EC0B1837-8B8C-4C4E-BA9F-18EF1352C95E}.Release|Any CPU.ActiveCfg = Release|Any CPU
		{EC0B1837-8B8C-4C4E-BA9F-18EF1352C95E}.Release|Any CPU.Build.0 = Release|Any CPU
		{E13962D4-D10A-42B9-9730-E2B9A3A95BBE}.Debug|Any CPU.ActiveCfg = Debug|Any CPU
		{E13962D4-D10A-42B9-9730-E2B9A3A95BBE}.Debug|Any CPU.Build.0 = Debug|Any CPU
		{E13962D4-D10A-42B9-9730-E2B9A3A95BBE}.Release|Any CPU.ActiveCfg = Release|Any CPU
		{E13962D4-D10A-42B9-9730-E2B9A3A95BBE}.Release|Any CPU.Build.0 = Release|Any CPU
		{24FDA78C-182D-48FA-97DD-51BC68B111C2}.Debug|Any CPU.ActiveCfg = Debug|Any CPU
		{24FDA78C-182D-48FA-97DD-51BC68B111C2}.Debug|Any CPU.Build.0 = Debug|Any CPU
		{24FDA78C-182D-48FA-97DD-51BC68B111C2}.Release|Any CPU.ActiveCfg = Release|Any CPU
		{24FDA78C-182D-48FA-97DD-51BC68B111C2}.Release|Any CPU.Build.0 = Release|Any CPU
		{65F3D771-E040-4AFB-B460-759C273AE7ED}.Debug|Any CPU.ActiveCfg = Debug|Any CPU
		{65F3D771-E040-4AFB-B460-759C273AE7ED}.Debug|Any CPU.Build.0 = Debug|Any CPU
		{65F3D771-E040-4AFB-B460-759C273AE7ED}.Release|Any CPU.ActiveCfg = Release|Any CPU
		{65F3D771-E040-4AFB-B460-759C273AE7ED}.Release|Any CPU.Build.0 = Release|Any CPU
		{7F13B7C2-3EC5-45E5-8E75-57EFE4643CFC}.Debug|Any CPU.ActiveCfg = Debug|Any CPU
		{7F13B7C2-3EC5-45E5-8E75-57EFE4643CFC}.Debug|Any CPU.Build.0 = Debug|Any CPU
		{7F13B7C2-3EC5-45E5-8E75-57EFE4643CFC}.Release|Any CPU.ActiveCfg = Release|Any CPU
		{7F13B7C2-3EC5-45E5-8E75-57EFE4643CFC}.Release|Any CPU.Build.0 = Release|Any CPU
	EndGlobalSection
	GlobalSection(SolutionProperties) = preSolution
		HideSolutionNode = FALSE
	EndGlobalSection
	GlobalSection(ExtensibilityGlobals) = postSolution
		SolutionGuid = {A43F350E-A7AC-4A2E-A5DC-37279E8AFFE4}
	EndGlobalSection
EndGlobal
